
Microsoft Visual Studio Solution File, Format Version 12.00
# Visual Studio Version 16
VisualStudioVersion = 16.0.29123.88
MinimumVisualStudioVersion = 10.0.40219.1
Project("{FAE04EC0-301F-11D3-BF4B-00C04F79EFBC}") = "Ejer1", "Ejer1\Ejer1.csproj", "{FC40C7D6-F708-4957-95B3-C639B2067CF9}"
EndProject
Project("{FAE04EC0-301F-11D3-BF4B-00C04F79EFBC}") = "Ejer2", "Ejer2\Ejer2.csproj", "{F298CEF1-4262-491A-A919-CF61DE668071}"
EndProject
Project("{FAE04EC0-301F-11D3-BF4B-00C04F79EFBC}") = "Ejer3", "Ejer3\Ejer3.csproj", "{2505175D-9C37-47EC-A4AF-4D4172B1A813}"
EndProject
Project("{FAE04EC0-301F-11D3-BF4B-00C04F79EFBC}") = "Ejer5", "Ejer5\Ejer5.csproj", "{4467F8F4-8D20-4A01-977E-91E3C137FA04}"
EndProject
Global
	GlobalSection(SolutionConfigurationPlatforms) = preSolution
		Debug|Any CPU = Debug|Any CPU
		Release|Any CPU = Release|Any CPU
	EndGlobalSection
	GlobalSection(ProjectConfigurationPlatforms) = postSolution
		{FC40C7D6-F708-4957-95B3-C639B2067CF9}.Debug|Any CPU.ActiveCfg = Debug|Any CPU
		{FC40C7D6-F708-4957-95B3-C639B2067CF9}.Debug|Any CPU.Build.0 = Debug|Any CPU
		{FC40C7D6-F708-4957-95B3-C639B2067CF9}.Release|Any CPU.ActiveCfg = Release|Any CPU
		{FC40C7D6-F708-4957-95B3-C639B2067CF9}.Release|Any CPU.Build.0 = Release|Any CPU
		{F298CEF1-4262-491A-A919-CF61DE668071}.Debug|Any CPU.ActiveCfg = Debug|Any CPU
		{F298CEF1-4262-491A-A919-CF61DE668071}.Debug|Any CPU.Build.0 = Debug|Any CPU
		{F298CEF1-4262-491A-A919-CF61DE668071}.Release|Any CPU.ActiveCfg = Release|Any CPU
		{F298CEF1-4262-491A-A919-CF61DE668071}.Release|Any CPU.Build.0 = Release|Any CPU
		{2505175D-9C37-47EC-A4AF-4D4172B1A813}.Debug|Any CPU.ActiveCfg = Debug|Any CPU
		{2505175D-9C37-47EC-A4AF-4D4172B1A813}.Debug|Any CPU.Build.0 = Debug|Any CPU
		{2505175D-9C37-47EC-A4AF-4D4172B1A813}.Release|Any CPU.ActiveCfg = Release|Any CPU
		{2505175D-9C37-47EC-A4AF-4D4172B1A813}.Release|Any CPU.Build.0 = Release|Any CPU
		{4467F8F4-8D20-4A01-977E-91E3C137FA04}.Debug|Any CPU.ActiveCfg = Debug|Any CPU
		{4467F8F4-8D20-4A01-977E-91E3C137FA04}.Debug|Any CPU.Build.0 = Debug|Any CPU
		{4467F8F4-8D20-4A01-977E-91E3C137FA04}.Release|Any CPU.ActiveCfg = Release|Any CPU
		{4467F8F4-8D20-4A01-977E-91E3C137FA04}.Release|Any CPU.Build.0 = Release|Any CPU
	EndGlobalSection
	GlobalSection(SolutionProperties) = preSolution
		HideSolutionNode = FALSE
	EndGlobalSection
	GlobalSection(ExtensibilityGlobals) = postSolution
		SolutionGuid = {18344CC0-8135-442F-8E4D-B216218C83FC}
	EndGlobalSection
EndGlobal
